
Microsoft Visual Studio Solution File, Format Version 12.00
# Visual Studio Version 17
VisualStudioVersion = 17.3.32901.215
MinimumVisualStudioVersion = 10.0.40219.1
Project("{9A19103F-16F7-4668-BE54-9A1E7A4F7556}") = "Player", "Player.csproj", "{38359F47-0DEA-46B4-9ABB-16E559FBC8DB}"
EndProject
Project("{FAE04EC0-301F-11D3-BF4B-00C04F79EFBC}") = "Designer", "..\Designer\Designer.csproj", "{6BDBEEC2-A7D1-42E4-B37C-99DA59B88552}"
EndProject
Global
	GlobalSection(SolutionConfigurationPlatforms) = preSolution
		Debug|Any CPU = Debug|Any CPU
		Release|Any CPU = Release|Any CPU
	EndGlobalSection
	GlobalSection(ProjectConfigurationPlatforms) = postSolution
		{38359F47-0DEA-46B4-9ABB-16E559FBC8DB}.Debug|Any CPU.ActiveCfg = Debug|Any CPU
		{38359F47-0DEA-46B4-9ABB-16E559FBC8DB}.Debug|Any CPU.Build.0 = Debug|Any CPU
		{38359F47-0DEA-46B4-9ABB-16E559FBC8DB}.Release|Any CPU.ActiveCfg = Release|Any CPU
		{38359F47-0DEA-46B4-9ABB-16E559FBC8DB}.Release|Any CPU.Build.0 = Release|Any CPU
		{6BDBEEC2-A7D1-42E4-B37C-99DA59B88552}.Debug|Any CPU.ActiveCfg = Debug|Any CPU
		{6BDBEEC2-A7D1-42E4-B37C-99DA59B88552}.Debug|Any CPU.Build.0 = Debug|Any CPU
		{6BDBEEC2-A7D1-42E4-B37C-99DA59B88552}.Release|Any CPU.ActiveCfg = Release|Any CPU
		{6BDBEEC2-A7D1-42E4-B37C-99DA59B88552}.Release|Any CPU.Build.0 = Release|Any CPU
	EndGlobalSection
	GlobalSection(SolutionProperties) = preSolution
		HideSolutionNode = FALSE
	EndGlobalSection
	GlobalSection(ExtensibilityGlobals) = postSolution
		SolutionGuid = {AE820E40-1012-4D92-89B5-435F227AEC4B}
	EndGlobalSection
EndGlobal
