
Microsoft Visual Studio Solution File, Format Version 12.00
# Visual Studio Version 17
VisualStudioVersion = 17.3.32901.215
MinimumVisualStudioVersion = 10.0.40219.1
Project("{9A19103F-16F7-4668-BE54-9A1E7A4F7556}") = "Player", "Player.csproj", "{38359F47-0DEA-46B4-9ABB-16E559FBC8DB}"
EndProject
Project("{9A19103F-16F7-4668-BE54-9A1E7A4F7556}") = "Service", "..\Service\Service.csproj", "{AD5BE9B3-DA49-4696-9524-3A19011ED3F6}"
EndProject
Project("{2150E333-8FDC-42A3-9474-1A3956D46DE8}") = "PlayerFolder", "PlayerFolder", "{D284FBF9-0DCC-47BF-B8EC-413E89F8A34D}"
EndProject
Project("{FAE04EC0-301F-11D3-BF4B-00C04F79EFBC}") = "DataContract", "..\DataContract\DataContract.csproj", "{B834C1AC-20E6-4EA4-8B8A-76F450F583EB}"
EndProject
Global
	GlobalSection(SolutionConfigurationPlatforms) = preSolution
		Debug|Any CPU = Debug|Any CPU
		Release|Any CPU = Release|Any CPU
	EndGlobalSection
	GlobalSection(ProjectConfigurationPlatforms) = postSolution
		{38359F47-0DEA-46B4-9ABB-16E559FBC8DB}.Debug|Any CPU.ActiveCfg = Debug|Any CPU
		{38359F47-0DEA-46B4-9ABB-16E559FBC8DB}.Debug|Any CPU.Build.0 = Debug|Any CPU
		{38359F47-0DEA-46B4-9ABB-16E559FBC8DB}.Release|Any CPU.ActiveCfg = Release|Any CPU
		{38359F47-0DEA-46B4-9ABB-16E559FBC8DB}.Release|Any CPU.Build.0 = Release|Any CPU
		{AD5BE9B3-DA49-4696-9524-3A19011ED3F6}.Debug|Any CPU.ActiveCfg = Debug|Any CPU
		{AD5BE9B3-DA49-4696-9524-3A19011ED3F6}.Debug|Any CPU.Build.0 = Debug|Any CPU
		{AD5BE9B3-DA49-4696-9524-3A19011ED3F6}.Release|Any CPU.ActiveCfg = Release|Any CPU
		{AD5BE9B3-DA49-4696-9524-3A19011ED3F6}.Release|Any CPU.Build.0 = Release|Any CPU
		{B834C1AC-20E6-4EA4-8B8A-76F450F583EB}.Debug|Any CPU.ActiveCfg = Debug|Any CPU
		{B834C1AC-20E6-4EA4-8B8A-76F450F583EB}.Debug|Any CPU.Build.0 = Debug|Any CPU
		{B834C1AC-20E6-4EA4-8B8A-76F450F583EB}.Release|Any CPU.ActiveCfg = Release|Any CPU
		{B834C1AC-20E6-4EA4-8B8A-76F450F583EB}.Release|Any CPU.Build.0 = Release|Any CPU
	EndGlobalSection
	GlobalSection(SolutionProperties) = preSolution
		HideSolutionNode = FALSE
	EndGlobalSection
	GlobalSection(NestedProjects) = preSolution
		{38359F47-0DEA-46B4-9ABB-16E559FBC8DB} = {D284FBF9-0DCC-47BF-B8EC-413E89F8A34D}
		{AD5BE9B3-DA49-4696-9524-3A19011ED3F6} = {D284FBF9-0DCC-47BF-B8EC-413E89F8A34D}
		{B834C1AC-20E6-4EA4-8B8A-76F450F583EB} = {D284FBF9-0DCC-47BF-B8EC-413E89F8A34D}
	EndGlobalSection
	GlobalSection(ExtensibilityGlobals) = postSolution
		SolutionGuid = {AE820E40-1012-4D92-89B5-435F227AEC4B}
	EndGlobalSection
EndGlobal
